
Microsoft Visual Studio Solution File, Format Version 12.00
# Visual Studio 15
VisualStudioVersion = 15.0.28307.852
MinimumVisualStudioVersion = 10.0.40219.1
Project("{FAE04EC0-301F-11D3-BF4B-00C04F79EFBC}") = "AddyCompiler", "AddyCompiler\AddyCompiler.csproj", "{CD523E5D-8554-4002-89DA-18F51414D96D}"
EndProject
Global
	GlobalSection(SolutionConfigurationPlatforms) = preSolution
		Debug|Any CPU = Debug|Any CPU
		Release|Any CPU = Release|Any CPU
	EndGlobalSection
	GlobalSection(ProjectConfigurationPlatforms) = postSolution
		{CD523E5D-8554-4002-89DA-18F51414D96D}.Debug|Any CPU.ActiveCfg = Debug|Any CPU
		{CD523E5D-8554-4002-89DA-18F51414D96D}.Debug|Any CPU.Build.0 = Debug|Any CPU
		{CD523E5D-8554-4002-89DA-18F51414D96D}.Release|Any CPU.ActiveCfg = Release|Any CPU
		{CD523E5D-8554-4002-89DA-18F51414D96D}.Release|Any CPU.Build.0 = Release|Any CPU
	EndGlobalSection
	GlobalSection(SolutionProperties) = preSolution
		HideSolutionNode = FALSE
	EndGlobalSection
	GlobalSection(ExtensibilityGlobals) = postSolution
		SolutionGuid = {6D5B9959-9A52-4AF8-8E45-6F03FED73C67}
	EndGlobalSection
EndGlobal
